
Microsoft Visual Studio Solution File, Format Version 12.00
# Visual Studio Version 17
VisualStudioVersion = 17.13.35931.197 d17.13
MinimumVisualStudioVersion = 10.0.40219.1
Project("{FAE04EC0-301F-11D3-BF4B-00C04F79EFBC}") = "ConsoleApp12", "ConsoleApp12\ConsoleApp12.csproj", "{E5E7A5B2-06C9-4227-BEE3-C2BA1AB847E8}"
EndProject
Global
	GlobalSection(SolutionConfigurationPlatforms) = preSolution
		Debug|Any CPU = Debug|Any CPU
		Release|Any CPU = Release|Any CPU
	EndGlobalSection
	GlobalSection(ProjectConfigurationPlatforms) = postSolution
		{E5E7A5B2-06C9-4227-BEE3-C2BA1AB847E8}.Debug|Any CPU.ActiveCfg = Debug|Any CPU
		{E5E7A5B2-06C9-4227-BEE3-C2BA1AB847E8}.Debug|Any CPU.Build.0 = Debug|Any CPU
		{E5E7A5B2-06C9-4227-BEE3-C2BA1AB847E8}.Release|Any CPU.ActiveCfg = Release|Any CPU
		{E5E7A5B2-06C9-4227-BEE3-C2BA1AB847E8}.Release|Any CPU.Build.0 = Release|Any CPU
	EndGlobalSection
	GlobalSection(SolutionProperties) = preSolution
		HideSolutionNode = FALSE
	EndGlobalSection
	GlobalSection(ExtensibilityGlobals) = postSolution
		SolutionGuid = {371F192F-6072-49CE-AB0F-1855D3729728}
	EndGlobalSection
EndGlobal
